// !$*UTF8*$!
{
	archiveVersion = 1;
	classes = {
	};
	objectVersion = 46;
	objects = {

/* Begin PBXBuildFile section */
		C51697101A32A14700026B77 /* CoreDataStackManager.swift in Sources */ = {isa = PBXBuildFile; fileRef = C516970F1A32A14700026B77 /* CoreDataStackManager.swift */; };
		C51697141A32ACFD00026B77 /* PreferencesViewController.swift in Sources */ = {isa = PBXBuildFile; fileRef = C51697131A32ACFD00026B77 /* PreferencesViewController.swift */; };
		C51697161A32AFAB00026B77 /* Main.storyboard in Resources */ = {isa = PBXBuildFile; fileRef = C51697151A32AFAB00026B77 /* Main.storyboard */; };
		C54215201A3D777E009852EA /* TaskViewController.swift in Sources */ = {isa = PBXBuildFile; fileRef = C542151F1A3D777E009852EA /* TaskViewController.swift */; };
		C54814B31A376B3E0030D931 /* ImageBrowserWindowController.swift in Sources */ = {isa = PBXBuildFile; fileRef = C54814B21A376B3E0030D931 /* ImageBrowserWindowController.swift */; };
		C573A6011A22684000FABE7F /* Library.xcdatamodeld in Sources */ = {isa = PBXBuildFile; fileRef = C573A5FF1A22684000FABE7F /* Library.xcdatamodeld */; };
		C595EE1A1A24E46900875B82 /* Library.swift in Sources */ = {isa = PBXBuildFile; fileRef = C595EE191A24E46900875B82 /* Library.swift */; };
		C595EE1C1A24E46900875B82 /* Settings.swift in Sources */ = {isa = PBXBuildFile; fileRef = C595EE1B1A24E46900875B82 /* Settings.swift */; };
		C595EE1E1A24E46900875B82 /* Photo.swift in Sources */ = {isa = PBXBuildFile; fileRef = C595EE1D1A24E46900875B82 /* Photo.swift */; };
		C595EE201A24E46900875B82 /* Folder.swift in Sources */ = {isa = PBXBuildFile; fileRef = C595EE1F1A24E46900875B82 /* Folder.swift */; };
		C5A1E87D1A215C6F00BA0A3C /* main.swift in Sources */ = {isa = PBXBuildFile; fileRef = C5A1E87C1A215C6F00BA0A3C /* main.swift */; };
		C5A1E87F1A215F2400BA0A3C /* PhotoHashingUtils.swift in Sources */ = {isa = PBXBuildFile; fileRef = C5A1E87E1A215F2400BA0A3C /* PhotoHashingUtils.swift */; };
		C5EB25971A390B27006C7019 /* Tasks.swift in Sources */ = {isa = PBXBuildFile; fileRef = C5EB25961A390B27006C7019 /* Tasks.swift */; };
		C5F36B4B1A3D309E002D1789 /* PhotoHUD.swift in Sources */ = {isa = PBXBuildFile; fileRef = C5F36B4A1A3D309E002D1789 /* PhotoHUD.swift */; };
		C5F36B4D1A3D32BA002D1789 /* AppDelegate.swift in Sources */ = {isa = PBXBuildFile; fileRef = C5F36B4C1A3D32BA002D1789 /* AppDelegate.swift */; };
		FE5DDB1D193EC4F800D083E0 /* Images.xcassets in Resources */ = {isa = PBXBuildFile; fileRef = FE5DDB1C193EC4F800D083E0 /* Images.xcassets */; };
		FE5DDB2C193EC4F800D083E0 /* SwiftPhotosTests.swift in Sources */ = {isa = PBXBuildFile; fileRef = FE5DDB2B193EC4F800D083E0 /* SwiftPhotosTests.swift */; };
/* End PBXBuildFile section */

/* Begin PBXBuildRule section */
		C50A935B1A219338003B692A /* PBXBuildRule */ = {
			isa = PBXBuildRule;
			compilerSpec = com.apple.compilers.proxy.script;
			fileType = pattern.proxy;
			isEditable = 1;
			outputFiles = (
			);
		};
/* End PBXBuildRule section */

/* Begin PBXContainerItemProxy section */
		FE5DDB26193EC4F800D083E0 /* PBXContainerItemProxy */ = {
			isa = PBXContainerItemProxy;
			containerPortal = FE5DDB0B193EC4F800D083E0 /* Project object */;
			proxyType = 1;
			remoteGlobalIDString = FE5DDB12193EC4F800D083E0;
			remoteInfo = SwiftPhotos;
		};
/* End PBXContainerItemProxy section */

/* Begin PBXFileReference section */
		C516970F1A32A14700026B77 /* CoreDataStackManager.swift */ = {isa = PBXFileReference; fileEncoding = 4; lastKnownFileType = sourcecode.swift; path = CoreDataStackManager.swift; sourceTree = "<group>"; };
		C51697131A32ACFD00026B77 /* PreferencesViewController.swift */ = {isa = PBXFileReference; fileEncoding = 4; lastKnownFileType = sourcecode.swift; path = PreferencesViewController.swift; sourceTree = "<group>"; };
		C51697151A32AFAB00026B77 /* Main.storyboard */ = {isa = PBXFileReference; fileEncoding = 4; lastKnownFileType = file.storyboard; path = Main.storyboard; sourceTree = "<group>"; };
		C542151F1A3D777E009852EA /* TaskViewController.swift */ = {isa = PBXFileReference; fileEncoding = 4; lastKnownFileType = sourcecode.swift; path = TaskViewController.swift; sourceTree = "<group>"; };
		C54814B21A376B3E0030D931 /* ImageBrowserWindowController.swift */ = {isa = PBXFileReference; fileEncoding = 4; lastKnownFileType = sourcecode.swift; path = ImageBrowserWindowController.swift; sourceTree = "<group>"; };
		C573A6001A22684000FABE7F /* Library.xcdatamodel */ = {isa = PBXFileReference; lastKnownFileType = wrapper.xcdatamodel; path = Library.xcdatamodel; sourceTree = "<group>"; };
		C595EE191A24E46900875B82 /* Library.swift */ = {isa = PBXFileReference; fileEncoding = 4; lastKnownFileType = sourcecode.swift; name = Library.swift; path = CoreData/Library.swift; sourceTree = "<group>"; };
		C595EE1B1A24E46900875B82 /* Settings.swift */ = {isa = PBXFileReference; fileEncoding = 4; lastKnownFileType = sourcecode.swift; name = Settings.swift; path = CoreData/Settings.swift; sourceTree = "<group>"; };
		C595EE1D1A24E46900875B82 /* Photo.swift */ = {isa = PBXFileReference; fileEncoding = 4; lastKnownFileType = sourcecode.swift; name = Photo.swift; path = CoreData/Photo.swift; sourceTree = "<group>"; };
		C595EE1F1A24E46900875B82 /* Folder.swift */ = {isa = PBXFileReference; fileEncoding = 4; lastKnownFileType = sourcecode.swift; path = Folder.swift; sourceTree = "<group>"; };
		C5A1E87C1A215C6F00BA0A3C /* main.swift */ = {isa = PBXFileReference; fileEncoding = 4; lastKnownFileType = sourcecode.swift; path = main.swift; sourceTree = "<group>"; };
		C5A1E87E1A215F2400BA0A3C /* PhotoHashingUtils.swift */ = {isa = PBXFileReference; fileEncoding = 4; lastKnownFileType = sourcecode.swift; path = PhotoHashingUtils.swift; sourceTree = "<group>"; };
		C5EB25961A390B27006C7019 /* Tasks.swift */ = {isa = PBXFileReference; fileEncoding = 4; lastKnownFileType = sourcecode.swift; path = Tasks.swift; sourceTree = "<group>"; };
		C5F36B4A1A3D309E002D1789 /* PhotoHUD.swift */ = {isa = PBXFileReference; fileEncoding = 4; lastKnownFileType = sourcecode.swift; path = PhotoHUD.swift; sourceTree = "<group>"; };
		C5F36B4C1A3D32BA002D1789 /* AppDelegate.swift */ = {isa = PBXFileReference; fileEncoding = 4; lastKnownFileType = sourcecode.swift; path = AppDelegate.swift; sourceTree = "<group>"; };
		FE5DDB13193EC4F800D083E0 /* SwiftPhotos.app */ = {isa = PBXFileReference; explicitFileType = wrapper.application; includeInIndex = 0; path = SwiftPhotos.app; sourceTree = BUILT_PRODUCTS_DIR; };
		FE5DDB17193EC4F800D083E0 /* Info.plist */ = {isa = PBXFileReference; lastKnownFileType = text.plist.xml; path = Info.plist; sourceTree = "<group>"; };
		FE5DDB1C193EC4F800D083E0 /* Images.xcassets */ = {isa = PBXFileReference; lastKnownFileType = folder.assetcatalog; path = Images.xcassets; sourceTree = "<group>"; };
		FE5DDB25193EC4F800D083E0 /* SwiftPhotosTests.xctest */ = {isa = PBXFileReference; explicitFileType = wrapper.cfbundle; includeInIndex = 0; path = SwiftPhotosTests.xctest; sourceTree = BUILT_PRODUCTS_DIR; };
		FE5DDB2A193EC4F800D083E0 /* Info.plist */ = {isa = PBXFileReference; lastKnownFileType = text.plist.xml; path = Info.plist; sourceTree = "<group>"; };
		FE5DDB2B193EC4F800D083E0 /* SwiftPhotosTests.swift */ = {isa = PBXFileReference; lastKnownFileType = sourcecode.swift; path = SwiftPhotosTests.swift; sourceTree = "<group>"; };
/* End PBXFileReference section */

/* Begin PBXFrameworksBuildPhase section */
		FE5DDB10193EC4F800D083E0 /* Frameworks */ = {
			isa = PBXFrameworksBuildPhase;
			buildActionMask = 2147483647;
			files = (
			);
			runOnlyForDeploymentPostprocessing = 0;
		};
		FE5DDB22193EC4F800D083E0 /* Frameworks */ = {
			isa = PBXFrameworksBuildPhase;
			buildActionMask = 2147483647;
			files = (
			);
			runOnlyForDeploymentPostprocessing = 0;
		};
/* End PBXFrameworksBuildPhase section */

/* Begin PBXGroup section */
		C595EE101A24E23C00875B82 /* Models */ = {
			isa = PBXGroup;
			children = (
				C573A5FF1A22684000FABE7F /* Library.xcdatamodeld */,
				C595EE1F1A24E46900875B82 /* Folder.swift */,
				C595EE1D1A24E46900875B82 /* Photo.swift */,
				C595EE1B1A24E46900875B82 /* Settings.swift */,
				C595EE191A24E46900875B82 /* Library.swift */,
			);
			name = Models;
			sourceTree = "<group>";
		};
		FE5DDB0A193EC4F800D083E0 = {
			isa = PBXGroup;
			children = (
				FE5DDB15193EC4F800D083E0 /* SwiftPhotos */,
				FE5DDB28193EC4F800D083E0 /* SwiftPhotosTests */,
				FE5DDB14193EC4F800D083E0 /* Products */,
			);
			sourceTree = "<group>";
		};
		FE5DDB14193EC4F800D083E0 /* Products */ = {
			isa = PBXGroup;
			children = (
				FE5DDB13193EC4F800D083E0 /* SwiftPhotos.app */,
				FE5DDB25193EC4F800D083E0 /* SwiftPhotosTests.xctest */,
			);
			name = Products;
			sourceTree = "<group>";
		};
		FE5DDB15193EC4F800D083E0 /* SwiftPhotos */ = {
			isa = PBXGroup;
			children = (
				C5F36B4C1A3D32BA002D1789 /* AppDelegate.swift */,
				C5EB25961A390B27006C7019 /* Tasks.swift */,
				C54814B21A376B3E0030D931 /* ImageBrowserWindowController.swift */,
				C51697151A32AFAB00026B77 /* Main.storyboard */,
				C5F36B4A1A3D309E002D1789 /* PhotoHUD.swift */,
				C516970F1A32A14700026B77 /* CoreDataStackManager.swift */,
				FE5DDB1C193EC4F800D083E0 /* Images.xcassets */,
				C51697131A32ACFD00026B77 /* PreferencesViewController.swift */,
				C542151F1A3D777E009852EA /* TaskViewController.swift */,
				C5A1E87E1A215F2400BA0A3C /* PhotoHashingUtils.swift */,
				C595EE101A24E23C00875B82 /* Models */,
				FE5DDB16193EC4F800D083E0 /* Supporting Files */,
			);
			path = SwiftPhotos;
			sourceTree = "<group>";
		};
		FE5DDB16193EC4F800D083E0 /* Supporting Files */ = {
			isa = PBXGroup;
			children = (
				FE5DDB17193EC4F800D083E0 /* Info.plist */,
				C5A1E87C1A215C6F00BA0A3C /* main.swift */,
			);
			name = "Supporting Files";
			sourceTree = "<group>";
		};
		FE5DDB28193EC4F800D083E0 /* SwiftPhotosTests */ = {
			isa = PBXGroup;
			children = (
				FE5DDB2B193EC4F800D083E0 /* SwiftPhotosTests.swift */,
				FE5DDB29193EC4F800D083E0 /* Supporting Files */,
			);
			path = SwiftPhotosTests;
			sourceTree = "<group>";
		};
		FE5DDB29193EC4F800D083E0 /* Supporting Files */ = {
			isa = PBXGroup;
			children = (
				FE5DDB2A193EC4F800D083E0 /* Info.plist */,
			);
			name = "Supporting Files";
			sourceTree = "<group>";
		};
/* End PBXGroup section */

/* Begin PBXNativeTarget section */
		FE5DDB12193EC4F800D083E0 /* SwiftPhotos */ = {
			isa = PBXNativeTarget;
			buildConfigurationList = FE5DDB2F193EC4F800D083E0 /* Build configuration list for PBXNativeTarget "SwiftPhotos" */;
			buildPhases = (
				FE5DDB0F193EC4F800D083E0 /* Sources */,
				FE5DDB10193EC4F800D083E0 /* Frameworks */,
				FE5DDB11193EC4F800D083E0 /* Resources */,
			);
			buildRules = (
				C50A935B1A219338003B692A /* PBXBuildRule */,
			);
			dependencies = (
			);
			name = SwiftPhotos;
			productName = SwiftPhotos;
			productReference = FE5DDB13193EC4F800D083E0 /* SwiftPhotos.app */;
			productType = "com.apple.product-type.application";
		};
		FE5DDB24193EC4F800D083E0 /* SwiftPhotosTests */ = {
			isa = PBXNativeTarget;
			buildConfigurationList = FE5DDB32193EC4F800D083E0 /* Build configuration list for PBXNativeTarget "SwiftPhotosTests" */;
			buildPhases = (
				FE5DDB21193EC4F800D083E0 /* Sources */,
				FE5DDB22193EC4F800D083E0 /* Frameworks */,
				FE5DDB23193EC4F800D083E0 /* Resources */,
			);
			buildRules = (
			);
			dependencies = (
				FE5DDB27193EC4F800D083E0 /* PBXTargetDependency */,
			);
			name = SwiftPhotosTests;
			productName = SwiftPhotosTests;
			productReference = FE5DDB25193EC4F800D083E0 /* SwiftPhotosTests.xctest */;
			productType = "com.apple.product-type.bundle.unit-test";
		};
/* End PBXNativeTarget section */

/* Begin PBXProject section */
		FE5DDB0B193EC4F800D083E0 /* Project object */ = {
			isa = PBXProject;
			attributes = {
				LastUpgradeCheck = 0600;
				ORGANIZATIONNAME = "Cameron Little";
				TargetAttributes = {
					FE5DDB12193EC4F800D083E0 = {
						CreatedOnToolsVersion = 6.0;
					};
					FE5DDB24193EC4F800D083E0 = {
						CreatedOnToolsVersion = 6.0;
						TestTargetID = FE5DDB12193EC4F800D083E0;
					};
				};
			};
			buildConfigurationList = FE5DDB0E193EC4F800D083E0 /* Build configuration list for PBXProject "SwiftPhotos" */;
			compatibilityVersion = "Xcode 3.2";
			developmentRegion = English;
			hasScannedForEncodings = 0;
			knownRegions = (
				en,
				Base,
			);
			mainGroup = FE5DDB0A193EC4F800D083E0;
			productRefGroup = FE5DDB14193EC4F800D083E0 /* Products */;
			projectDirPath = "";
			projectRoot = "";
			targets = (
				FE5DDB12193EC4F800D083E0 /* SwiftPhotos */,
				FE5DDB24193EC4F800D083E0 /* SwiftPhotosTests */,
			);
		};
/* End PBXProject section */

/* Begin PBXResourcesBuildPhase section */
		FE5DDB11193EC4F800D083E0 /* Resources */ = {
			isa = PBXResourcesBuildPhase;
			buildActionMask = 2147483647;
			files = (
				FE5DDB1D193EC4F800D083E0 /* Images.xcassets in Resources */,
				C51697161A32AFAB00026B77 /* Main.storyboard in Resources */,
			);
			runOnlyForDeploymentPostprocessing = 0;
		};
		FE5DDB23193EC4F800D083E0 /* Resources */ = {
			isa = PBXResourcesBuildPhase;
			buildActionMask = 2147483647;
			files = (
			);
			runOnlyForDeploymentPostprocessing = 0;
		};
/* End PBXResourcesBuildPhase section */

/* Begin PBXSourcesBuildPhase section */
		FE5DDB0F193EC4F800D083E0 /* Sources */ = {
			isa = PBXSourcesBuildPhase;
			buildActionMask = 2147483647;
			files = (
				C5A1E87D1A215C6F00BA0A3C /* main.swift in Sources */,
				C54215201A3D777E009852EA /* TaskViewController.swift in Sources */,
				C51697101A32A14700026B77 /* CoreDataStackManager.swift in Sources */,
				C5F36B4B1A3D309E002D1789 /* PhotoHUD.swift in Sources */,
				C5A1E87F1A215F2400BA0A3C /* PhotoHashingUtils.swift in Sources */,
				C51697141A32ACFD00026B77 /* PreferencesViewController.swift in Sources */,
				C595EE201A24E46900875B82 /* Folder.swift in Sources */,
				C54814B31A376B3E0030D931 /* ImageBrowserWindowController.swift in Sources */,
				C595EE1C1A24E46900875B82 /* Settings.swift in Sources */,
				C5F36B4D1A3D32BA002D1789 /* AppDelegate.swift in Sources */,
				C595EE1E1A24E46900875B82 /* Photo.swift in Sources */,
				C5EB25971A390B27006C7019 /* Tasks.swift in Sources */,
				C573A6011A22684000FABE7F /* Library.xcdatamodeld in Sources */,
				C595EE1A1A24E46900875B82 /* Library.swift in Sources */,
			);
			runOnlyForDeploymentPostprocessing = 0;
		};
		FE5DDB21193EC4F800D083E0 /* Sources */ = {
			isa = PBXSourcesBuildPhase;
			buildActionMask = 2147483647;
			files = (
				FE5DDB2C193EC4F800D083E0 /* SwiftPhotosTests.swift in Sources */,
			);
			runOnlyForDeploymentPostprocessing = 0;
		};
/* End PBXSourcesBuildPhase section */

/* Begin PBXTargetDependency section */
		FE5DDB27193EC4F800D083E0 /* PBXTargetDependency */ = {
			isa = PBXTargetDependency;
			target = FE5DDB12193EC4F800D083E0 /* SwiftPhotos */;
			targetProxy = FE5DDB26193EC4F800D083E0 /* PBXContainerItemProxy */;
		};
/* End PBXTargetDependency section */

/* Begin XCBuildConfiguration section */
		FE5DDB2D193EC4F800D083E0 /* Debug */ = {
			isa = XCBuildConfiguration;
			buildSettings = {
				ALWAYS_SEARCH_USER_PATHS = NO;
				CLANG_CXX_LANGUAGE_STANDARD = "gnu++0x";
				CLANG_CXX_LIBRARY = "libc++";
				CLANG_ENABLE_MODULES = YES;
				CLANG_ENABLE_OBJC_ARC = YES;
				CLANG_WARN_BOOL_CONVERSION = YES;
				CLANG_WARN_CONSTANT_CONVERSION = YES;
				CLANG_WARN_DIRECT_OBJC_ISA_USAGE = YES_ERROR;
				CLANG_WARN_EMPTY_BODY = YES;
				CLANG_WARN_ENUM_CONVERSION = YES;
				CLANG_WARN_INT_CONVERSION = YES;
				CLANG_WARN_OBJC_ROOT_CLASS = YES_ERROR;
				CLANG_WARN_UNREACHABLE_CODE = YES;
				CLANG_WARN__DUPLICATE_METHOD_MATCH = YES;
				CODE_SIGN_IDENTITY = "-";
				COPY_PHASE_STRIP = NO;
				ENABLE_STRICT_OBJC_MSGSEND = YES;
				GCC_C_LANGUAGE_STANDARD = gnu99;
				GCC_DYNAMIC_NO_PIC = NO;
				GCC_OPTIMIZATION_LEVEL = 0;
				GCC_PREPROCESSOR_DEFINITIONS = (
					"DEBUG=1",
					"$(inherited)",
				);
				GCC_SYMBOLS_PRIVATE_EXTERN = NO;
				GCC_WARN_64_TO_32_BIT_CONVERSION = YES;
				GCC_WARN_ABOUT_RETURN_TYPE = YES_ERROR;
				GCC_WARN_UNDECLARED_SELECTOR = YES;
				GCC_WARN_UNINITIALIZED_AUTOS = YES_AGGRESSIVE;
				GCC_WARN_UNUSED_FUNCTION = YES;
				GCC_WARN_UNUSED_VARIABLE = YES;
				MACOSX_DEPLOYMENT_TARGET = 10.9;
				METAL_ENABLE_DEBUG_INFO = YES;
				ONLY_ACTIVE_ARCH = YES;
				SDKROOT = macosx;
				SWIFT_OPTIMIZATION_LEVEL = "-Onone";
			};
			name = Debug;
		};
		FE5DDB2E193EC4F800D083E0 /* Release */ = {
			isa = XCBuildConfiguration;
			buildSettings = {
				ALWAYS_SEARCH_USER_PATHS = NO;
				CLANG_CXX_LANGUAGE_STANDARD = "gnu++0x";
				CLANG_CXX_LIBRARY = "libc++";
				CLANG_ENABLE_MODULES = YES;
				CLANG_ENABLE_OBJC_ARC = YES;
				CLANG_WARN_BOOL_CONVERSION = YES;
				CLANG_WARN_CONSTANT_CONVERSION = YES;
				CLANG_WARN_DIRECT_OBJC_ISA_USAGE = YES_ERROR;
				CLANG_WARN_EMPTY_BODY = YES;
				CLANG_WARN_ENUM_CONVERSION = YES;
				CLANG_WARN_INT_CONVERSION = YES;
				CLANG_WARN_OBJC_ROOT_CLASS = YES_ERROR;
				CLANG_WARN_UNREACHABLE_CODE = YES;
				CLANG_WARN__DUPLICATE_METHOD_MATCH = YES;
				CODE_SIGN_IDENTITY = "-";
				COPY_PHASE_STRIP = YES;
				DEBUG_INFORMATION_FORMAT = "dwarf-with-dsym";
				ENABLE_NS_ASSERTIONS = NO;
				ENABLE_STRICT_OBJC_MSGSEND = YES;
				GCC_C_LANGUAGE_STANDARD = gnu99;
				GCC_WARN_64_TO_32_BIT_CONVERSION = YES;
				GCC_WARN_ABOUT_RETURN_TYPE = YES_ERROR;
				GCC_WARN_UNDECLARED_SELECTOR = YES;
				GCC_WARN_UNINITIALIZED_AUTOS = YES_AGGRESSIVE;
				GCC_WARN_UNUSED_FUNCTION = YES;
				GCC_WARN_UNUSED_VARIABLE = YES;
				MACOSX_DEPLOYMENT_TARGET = 10.9;
				METAL_ENABLE_DEBUG_INFO = NO;
				SDKROOT = macosx;
			};
			name = Release;
		};
		FE5DDB30193EC4F800D083E0 /* Debug */ = {
			isa = XCBuildConfiguration;
			buildSettings = {
				ASSETCATALOG_COMPILER_APPICON_NAME = AppIcon;
				CLANG_ENABLE_MODULES = YES;
				COMBINE_HIDPI_IMAGES = YES;
				INFOPLIST_FILE = SwiftPhotos/Info.plist;
				LD_RUNPATH_SEARCH_PATHS = "$(inherited) @executable_path/../Frameworks";
				PRODUCT_NAME = SwiftPhotos;
				SWIFT_INSTALL_OBJC_HEADER = NO;
				SWIFT_OPTIMIZATION_LEVEL = "-Onone";
			};
			name = Debug;
		};
		FE5DDB31193EC4F800D083E0 /* Release */ = {
			isa = XCBuildConfiguration;
			buildSettings = {
				ASSETCATALOG_COMPILER_APPICON_NAME = AppIcon;
				CLANG_ENABLE_MODULES = YES;
				COMBINE_HIDPI_IMAGES = YES;
				INFOPLIST_FILE = SwiftPhotos/Info.plist;
				LD_RUNPATH_SEARCH_PATHS = "$(inherited) @executable_path/../Frameworks";
				PRODUCT_NAME = SwiftPhotos;
				SWIFT_INSTALL_OBJC_HEADER = NO;
			};
			name = Release;
		};
		FE5DDB33193EC4F800D083E0 /* Debug */ = {
			isa = XCBuildConfiguration;
			buildSettings = {
				BUNDLE_LOADER = "$(BUILT_PRODUCTS_DIR)/SwiftPhotos.app/Contents/MacOS/SwiftPhotos";
				COMBINE_HIDPI_IMAGES = YES;
				FRAMEWORK_SEARCH_PATHS = (
					"$(DEVELOPER_FRAMEWORKS_DIR)",
					"$(inherited)",
				);
				GCC_PREPROCESSOR_DEFINITIONS = (
					"DEBUG=1",
					"$(inherited)",
				);
				INFOPLIST_FILE = SwiftPhotosTests/Info.plist;
				LD_RUNPATH_SEARCH_PATHS = "$(inherited) @executable_path/../Frameworks @loader_path/../Frameworks";
				METAL_ENABLE_DEBUG_INFO = YES;
				PRODUCT_NAME = SwiftPhotosTests;
				TEST_HOST = "$(BUNDLE_LOADER)";
			};
			name = Debug;
		};
		FE5DDB34193EC4F800D083E0 /* Release */ = {
			isa = XCBuildConfiguration;
			buildSettings = {
				BUNDLE_LOADER = "$(BUILT_PRODUCTS_DIR)/SwiftPhotos.app/Contents/MacOS/SwiftPhotos";
				COMBINE_HIDPI_IMAGES = YES;
				FRAMEWORK_SEARCH_PATHS = (
					"$(DEVELOPER_FRAMEWORKS_DIR)",
					"$(inherited)",
				);
				INFOPLIST_FILE = SwiftPhotosTests/Info.plist;
				LD_RUNPATH_SEARCH_PATHS = "$(inherited) @executable_path/../Frameworks @loader_path/../Frameworks";
				METAL_ENABLE_DEBUG_INFO = NO;
				PRODUCT_NAME = SwiftPhotosTests;
				TEST_HOST = "$(BUNDLE_LOADER)";
			};
			name = Release;
		};
/* End XCBuildConfiguration section */

/* Begin XCConfigurationList section */
		FE5DDB0E193EC4F800D083E0 /* Build configuration list for PBXProject "SwiftPhotos" */ = {
			isa = XCConfigurationList;
			buildConfigurations = (
				FE5DDB2D193EC4F800D083E0 /* Debug */,
				FE5DDB2E193EC4F800D083E0 /* Release */,
			);
			defaultConfigurationIsVisible = 0;
			defaultConfigurationName = Release;
		};
		FE5DDB2F193EC4F800D083E0 /* Build configuration list for PBXNativeTarget "SwiftPhotos" */ = {
			isa = XCConfigurationList;
			buildConfigurations = (
				FE5DDB30193EC4F800D083E0 /* Debug */,
				FE5DDB31193EC4F800D083E0 /* Release */,
			);
			defaultConfigurationIsVisible = 0;
			defaultConfigurationName = Release;
		};
		FE5DDB32193EC4F800D083E0 /* Build configuration list for PBXNativeTarget "SwiftPhotosTests" */ = {
			isa = XCConfigurationList;
			buildConfigurations = (
				FE5DDB33193EC4F800D083E0 /* Debug */,
				FE5DDB34193EC4F800D083E0 /* Release */,
			);
			defaultConfigurationIsVisible = 0;
			defaultConfigurationName = Release;
		};
/* End XCConfigurationList section */

/* Begin XCVersionGroup section */
		C573A5FF1A22684000FABE7F /* Library.xcdatamodeld */ = {
			isa = XCVersionGroup;
			children = (
				C573A6001A22684000FABE7F /* Library.xcdatamodel */,
			);
			currentVersion = C573A6001A22684000FABE7F /* Library.xcdatamodel */;
			path = Library.xcdatamodeld;
			sourceTree = "<group>";
			versionGroupType = wrapper.xcdatamodel;
		};
/* End XCVersionGroup section */
	};
	rootObject = FE5DDB0B193EC4F800D083E0 /* Project object */;
}
